
Microsoft Visual Studio Solution File, Format Version 12.00
# Visual Studio 2013
VisualStudioVersion = 12.0.40629.0
MinimumVisualStudioVersion = 10.0.40219.1
Project("{2150E333-8FDC-42A3-9474-1A3956D46DE8}") = "Infrastructure", "Infrastructure", "{6DF646DA-FB4E-48AB-AF75-5AB8980C528D}"
EndProject
Project("{2150E333-8FDC-42A3-9474-1A3956D46DE8}") = "UnitTest", "UnitTest", "{9ABA44EA-FBDE-4711-9CF7-ACC389658B65}"
EndProject
Project("{FAE04EC0-301F-11D3-BF4B-00C04F79EFBC}") = "ReportMS.Test.Common", "ReportMS.Test.Common\ReportMS.Test.Common.csproj", "{0E36C3A4-6A38-4861-915F-7E5CDD971F1B}"
EndProject
Project("{FAE04EC0-301F-11D3-BF4B-00C04F79EFBC}") = "ReportMS.Web", "ReportMS.Web\ReportMS.Web.csproj", "{31876049-E80E-4F1F-856E-62D52A491F7B}"
EndProject
Project("{2150E333-8FDC-42A3-9474-1A3956D46DE8}") = "Modules", "Modules", "{8588C82A-62F0-42BC-A620-86778B41BD29}"
EndProject
Project("{FAE04EC0-301F-11D3-BF4B-00C04F79EFBC}") = "ReportMS.Test.Report", "ReportMS.Test.Report\ReportMS.Test.Report.csproj", "{2A2718A0-CCC0-4ACE-A1C0-EFF8BC2EB186}"
EndProject
Project("{FAE04EC0-301F-11D3-BF4B-00C04F79EFBC}") = "ReportMS.Reports", "ReportMS.Reports\ReportMS.Reports.csproj", "{CC6F8325-6E3A-48FE-B398-0AE00BC4FA97}"
EndProject
Project("{FAE04EC0-301F-11D3-BF4B-00C04F79EFBC}") = "ReportMS.Test.Utils", "ReportMS.Test.Utils\ReportMS.Test.Utils.csproj", "{EF509554-062A-4CB4-B861-9CBAC0734341}"
EndProject
Project("{2150E333-8FDC-42A3-9474-1A3956D46DE8}") = "Architectures", "Architectures", "{5CA3E2FF-EEDA-49E0-AD7C-ACDD7BF74E38}"
EndProject
Project("{F088123C-0E9E-452A-89E6-6BA2F21D5CAC}") = "RMSReportModeling", "RMSReportModeling\RMSReportModeling.modelproj", "{C692981B-C772-460E-87B4-3A4FF3107C9D}"
EndProject
Project("{FAE04EC0-301F-11D3-BF4B-00C04F79EFBC}") = "ReportMS.Application", "ReportMS.Application\ReportMS.Application.csproj", "{AB64421D-4267-4CAB-A37A-0BB0B0114DA5}"
EndProject
Project("{FAE04EC0-301F-11D3-BF4B-00C04F79EFBC}") = "Gear.Infrastructure", "Gear.Infrastructure\Gear.Infrastructure.csproj", "{944395E6-31AA-4A13-A663-BC7315D8A46F}"
EndProject
Project("{FAE04EC0-301F-11D3-BF4B-00C04F79EFBC}") = "Gear.Utility", "Gear.Utility\Gear.Utility.csproj", "{83879E93-71ED-418E-A6D2-1E107A14CDC4}"
EndProject
Project("{FAE04EC0-301F-11D3-BF4B-00C04F79EFBC}") = "ReportMS.Domain", "ReportMS.Domain\ReportMS.Domain.csproj", "{D4188F80-F5C2-468B-BB85-64221D75EBA5}"
EndProject
Project("{FAE04EC0-301F-11D3-BF4B-00C04F79EFBC}") = "ReportMS.Domain.Repositories", "ReportMS.Domain.Repositories\ReportMS.Domain.Repositories.csproj", "{4C31C8AD-C70C-481C-8F0B-B592C7541D4E}"
EndProject
Project("{FAE04EC0-301F-11D3-BF4B-00C04F79EFBC}") = "ReportMS.Test.Repositories", "ReportMS.Test.Repositories\ReportMS.Test.Repositories.csproj", "{667805D0-43BE-450F-B867-D0022C2B4C79}"
EndProject
Project("{FAE04EC0-301F-11D3-BF4B-00C04F79EFBC}") = "ReportMS.DataTransferObjects", "ReportMS.DataTransferObjects\ReportMS.DataTransferObjects.csproj", "{6184F145-317D-48CA-816C-DA52539D8768}"
EndProject
Project("{FAE04EC0-301F-11D3-BF4B-00C04F79EFBC}") = "Gear.Infrastructure.Caching", "Gear.Infrastructure.Caching\Gear.Infrastructure.Caching.csproj", "{56ACC5D0-5F01-4361-A499-4B05017FE62C}"
EndProject
Project("{FAE04EC0-301F-11D3-BF4B-00C04F79EFBC}") = "Gear.Infrastructure.Repository", "Gear.Infrastructure.Repository\Gear.Infrastructure.Repository.csproj", "{9C61C13A-7B48-47BD-A338-82D139AB6718}"
EndProject
Project("{FAE04EC0-301F-11D3-BF4B-00C04F79EFBC}") = "Gear.Infrastructure.Web", "Gear.Infrastructure.Web\Gear.Infrastructure.Web.csproj", "{1A34F17F-35FF-44D3-B978-8CA7AFDF9B21}"
EndProject
Project("{FAE04EC0-301F-11D3-BF4B-00C04F79EFBC}") = "Gear.Infrastructure.Container", "Gear.Infrastructure.Container\Gear.Infrastructure.Container.csproj", "{0FA5A667-5F31-4288-B6FC-9D0ECB73AEC5}"
EndProject
Project("{FAE04EC0-301F-11D3-BF4B-00C04F79EFBC}") = "ReportMS.Test.Caching", "ReportMS.Test.Caching\ReportMS.Test.Caching.csproj", "{B45FF455-C29A-4999-B4BC-05C201FA5635}"
EndProject
Project("{FAE04EC0-301F-11D3-BF4B-00C04F79EFBC}") = "ReportMS.Test.Storage", "ReportMS.Test.Storage\ReportMS.Test.Storage.csproj", "{6836CA4C-EDFA-4120-B3CD-40217BFD70D4}"
EndProject
Project("{FAE04EC0-301F-11D3-BF4B-00C04F79EFBC}") = "Gear.Infrastructure.Storage", "Gear.Infrastructure.Storage\Gear.Infrastructure.Storage.csproj", "{8D98B656-8F48-4F7B-AE1C-B2E9DEB5D9AE}"
EndProject
Project("{FAE04EC0-301F-11D3-BF4B-00C04F79EFBC}") = "ReportMS.Test.Dtos", "ReportMS.Test.Dtos\ReportMS.Test.Dtos.csproj", "{E2B785B2-1AD9-4C4D-A302-E3C04C2E9363}"
EndProject
Project("{FAE04EC0-301F-11D3-BF4B-00C04F79EFBC}") = "ReportMS.Test.Web", "ReportMS.Test.Web\ReportMS.Test.Web.csproj", "{D9A46851-549B-4846-B748-11740A40CAEB}"
EndProject
Project("{FAE04EC0-301F-11D3-BF4B-00C04F79EFBC}") = "ReportMS.Web.Client", "ReportMS.Web.Client\ReportMS.Web.Client.csproj", "{25E06869-EB1F-42DC-AD77-29C1F0216FE4}"
EndProject
Project("{FAE04EC0-301F-11D3-BF4B-00C04F79EFBC}") = "ReportMS.ServiceContracts", "ReportMS.ServiceContracts\ReportMS.ServiceContracts.csproj", "{02A668B3-AEB6-4525-BBB2-74B6BACDAE59}"
EndProject
Project("{FAE04EC0-301F-11D3-BF4B-00C04F79EFBC}") = "ReportMS.Test.Infrastructure", "ReportMS.Test.Infrastructure\ReportMS.Test.Infrastructure.csproj", "{B3CDA6C0-B5A1-4957-807A-633EA17BFC9C}"
EndProject
Project("{FAE04EC0-301F-11D3-BF4B-00C04F79EFBC}") = "ReportMS.Events.Handlers", "ReportMS.Events.Handlers\ReportMS.Events.Handlers.csproj", "{5B9E796F-387B-4A2F-85BD-9E9ED95EAD51}"
EndProject
Project("{FAE04EC0-301F-11D3-BF4B-00C04F79EFBC}") = "ReportMS.Test.Application", "ReportMS.Test.Application\ReportMS.Test.Application.csproj", "{AB7B665F-EFF3-4B4B-80E3-C30C67D0D83E}"
EndProject
Project("{FAE04EC0-301F-11D3-BF4B-00C04F79EFBC}") = "ReportMS.Test.Client", "ReportMS.Test.Client\ReportMS.Test.Client.csproj", "{50D43A58-3EF8-41BC-A578-3B5C979CD8F5}"
EndProject
Global
	GlobalSection(SolutionConfigurationPlatforms) = preSolution
		Debug|Any CPU = Debug|Any CPU
		Release|Any CPU = Release|Any CPU
	EndGlobalSection
	GlobalSection(ProjectConfigurationPlatforms) = postSolution
		{0E36C3A4-6A38-4861-915F-7E5CDD971F1B}.Debug|Any CPU.ActiveCfg = Debug|Any CPU
		{0E36C3A4-6A38-4861-915F-7E5CDD971F1B}.Debug|Any CPU.Build.0 = Debug|Any CPU
		{0E36C3A4-6A38-4861-915F-7E5CDD971F1B}.Release|Any CPU.ActiveCfg = Release|Any CPU
		{0E36C3A4-6A38-4861-915F-7E5CDD971F1B}.Release|Any CPU.Build.0 = Release|Any CPU
		{31876049-E80E-4F1F-856E-62D52A491F7B}.Debug|Any CPU.ActiveCfg = Debug|Any CPU
		{31876049-E80E-4F1F-856E-62D52A491F7B}.Debug|Any CPU.Build.0 = Debug|Any CPU
		{31876049-E80E-4F1F-856E-62D52A491F7B}.Release|Any CPU.ActiveCfg = Release|Any CPU
		{31876049-E80E-4F1F-856E-62D52A491F7B}.Release|Any CPU.Build.0 = Release|Any CPU
		{2A2718A0-CCC0-4ACE-A1C0-EFF8BC2EB186}.Debug|Any CPU.ActiveCfg = Debug|Any CPU
		{2A2718A0-CCC0-4ACE-A1C0-EFF8BC2EB186}.Debug|Any CPU.Build.0 = Debug|Any CPU
		{2A2718A0-CCC0-4ACE-A1C0-EFF8BC2EB186}.Release|Any CPU.ActiveCfg = Release|Any CPU
		{2A2718A0-CCC0-4ACE-A1C0-EFF8BC2EB186}.Release|Any CPU.Build.0 = Release|Any CPU
		{CC6F8325-6E3A-48FE-B398-0AE00BC4FA97}.Debug|Any CPU.ActiveCfg = Debug|Any CPU
		{CC6F8325-6E3A-48FE-B398-0AE00BC4FA97}.Debug|Any CPU.Build.0 = Debug|Any CPU
		{CC6F8325-6E3A-48FE-B398-0AE00BC4FA97}.Release|Any CPU.ActiveCfg = Release|Any CPU
		{CC6F8325-6E3A-48FE-B398-0AE00BC4FA97}.Release|Any CPU.Build.0 = Release|Any CPU
		{EF509554-062A-4CB4-B861-9CBAC0734341}.Debug|Any CPU.ActiveCfg = Debug|Any CPU
		{EF509554-062A-4CB4-B861-9CBAC0734341}.Debug|Any CPU.Build.0 = Debug|Any CPU
		{EF509554-062A-4CB4-B861-9CBAC0734341}.Release|Any CPU.ActiveCfg = Release|Any CPU
		{EF509554-062A-4CB4-B861-9CBAC0734341}.Release|Any CPU.Build.0 = Release|Any CPU
		{C692981B-C772-460E-87B4-3A4FF3107C9D}.Debug|Any CPU.ActiveCfg = Debug|Any CPU
		{C692981B-C772-460E-87B4-3A4FF3107C9D}.Debug|Any CPU.Build.0 = Debug|Any CPU
		{C692981B-C772-460E-87B4-3A4FF3107C9D}.Release|Any CPU.ActiveCfg = Release|Any CPU
		{C692981B-C772-460E-87B4-3A4FF3107C9D}.Release|Any CPU.Build.0 = Release|Any CPU
		{AB64421D-4267-4CAB-A37A-0BB0B0114DA5}.Debug|Any CPU.ActiveCfg = Debug|Any CPU
		{AB64421D-4267-4CAB-A37A-0BB0B0114DA5}.Debug|Any CPU.Build.0 = Debug|Any CPU
		{AB64421D-4267-4CAB-A37A-0BB0B0114DA5}.Release|Any CPU.ActiveCfg = Release|Any CPU
		{AB64421D-4267-4CAB-A37A-0BB0B0114DA5}.Release|Any CPU.Build.0 = Release|Any CPU
		{944395E6-31AA-4A13-A663-BC7315D8A46F}.Debug|Any CPU.ActiveCfg = Debug|Any CPU
		{944395E6-31AA-4A13-A663-BC7315D8A46F}.Debug|Any CPU.Build.0 = Debug|Any CPU
		{944395E6-31AA-4A13-A663-BC7315D8A46F}.Release|Any CPU.ActiveCfg = Release|Any CPU
		{944395E6-31AA-4A13-A663-BC7315D8A46F}.Release|Any CPU.Build.0 = Release|Any CPU
		{83879E93-71ED-418E-A6D2-1E107A14CDC4}.Debug|Any CPU.ActiveCfg = Debug|Any CPU
		{83879E93-71ED-418E-A6D2-1E107A14CDC4}.Debug|Any CPU.Build.0 = Debug|Any CPU
		{83879E93-71ED-418E-A6D2-1E107A14CDC4}.Release|Any CPU.ActiveCfg = Release|Any CPU
		{83879E93-71ED-418E-A6D2-1E107A14CDC4}.Release|Any CPU.Build.0 = Release|Any CPU
		{D4188F80-F5C2-468B-BB85-64221D75EBA5}.Debug|Any CPU.ActiveCfg = Debug|Any CPU
		{D4188F80-F5C2-468B-BB85-64221D75EBA5}.Debug|Any CPU.Build.0 = Debug|Any CPU
		{D4188F80-F5C2-468B-BB85-64221D75EBA5}.Release|Any CPU.ActiveCfg = Release|Any CPU
		{D4188F80-F5C2-468B-BB85-64221D75EBA5}.Release|Any CPU.Build.0 = Release|Any CPU
		{4C31C8AD-C70C-481C-8F0B-B592C7541D4E}.Debug|Any CPU.ActiveCfg = Debug|Any CPU
		{4C31C8AD-C70C-481C-8F0B-B592C7541D4E}.Debug|Any CPU.Build.0 = Debug|Any CPU
		{4C31C8AD-C70C-481C-8F0B-B592C7541D4E}.Release|Any CPU.ActiveCfg = Release|Any CPU
		{4C31C8AD-C70C-481C-8F0B-B592C7541D4E}.Release|Any CPU.Build.0 = Release|Any CPU
		{667805D0-43BE-450F-B867-D0022C2B4C79}.Debug|Any CPU.ActiveCfg = Debug|Any CPU
		{667805D0-43BE-450F-B867-D0022C2B4C79}.Debug|Any CPU.Build.0 = Debug|Any CPU
		{667805D0-43BE-450F-B867-D0022C2B4C79}.Release|Any CPU.ActiveCfg = Release|Any CPU
		{667805D0-43BE-450F-B867-D0022C2B4C79}.Release|Any CPU.Build.0 = Release|Any CPU
		{6184F145-317D-48CA-816C-DA52539D8768}.Debug|Any CPU.ActiveCfg = Debug|Any CPU
		{6184F145-317D-48CA-816C-DA52539D8768}.Debug|Any CPU.Build.0 = Debug|Any CPU
		{6184F145-317D-48CA-816C-DA52539D8768}.Release|Any CPU.ActiveCfg = Release|Any CPU
		{6184F145-317D-48CA-816C-DA52539D8768}.Release|Any CPU.Build.0 = Release|Any CPU
		{56ACC5D0-5F01-4361-A499-4B05017FE62C}.Debug|Any CPU.ActiveCfg = Debug|Any CPU
		{56ACC5D0-5F01-4361-A499-4B05017FE62C}.Debug|Any CPU.Build.0 = Debug|Any CPU
		{56ACC5D0-5F01-4361-A499-4B05017FE62C}.Release|Any CPU.ActiveCfg = Release|Any CPU
		{56ACC5D0-5F01-4361-A499-4B05017FE62C}.Release|Any CPU.Build.0 = Release|Any CPU
		{9C61C13A-7B48-47BD-A338-82D139AB6718}.Debug|Any CPU.ActiveCfg = Debug|Any CPU
		{9C61C13A-7B48-47BD-A338-82D139AB6718}.Debug|Any CPU.Build.0 = Debug|Any CPU
		{9C61C13A-7B48-47BD-A338-82D139AB6718}.Release|Any CPU.ActiveCfg = Release|Any CPU
		{9C61C13A-7B48-47BD-A338-82D139AB6718}.Release|Any CPU.Build.0 = Release|Any CPU
		{1A34F17F-35FF-44D3-B978-8CA7AFDF9B21}.Debug|Any CPU.ActiveCfg = Debug|Any CPU
		{1A34F17F-35FF-44D3-B978-8CA7AFDF9B21}.Debug|Any CPU.Build.0 = Debug|Any CPU
		{1A34F17F-35FF-44D3-B978-8CA7AFDF9B21}.Release|Any CPU.ActiveCfg = Release|Any CPU
		{1A34F17F-35FF-44D3-B978-8CA7AFDF9B21}.Release|Any CPU.Build.0 = Release|Any CPU
		{0FA5A667-5F31-4288-B6FC-9D0ECB73AEC5}.Debug|Any CPU.ActiveCfg = Debug|Any CPU
		{0FA5A667-5F31-4288-B6FC-9D0ECB73AEC5}.Debug|Any CPU.Build.0 = Debug|Any CPU
		{0FA5A667-5F31-4288-B6FC-9D0ECB73AEC5}.Release|Any CPU.ActiveCfg = Release|Any CPU
		{0FA5A667-5F31-4288-B6FC-9D0ECB73AEC5}.Release|Any CPU.Build.0 = Release|Any CPU
		{B45FF455-C29A-4999-B4BC-05C201FA5635}.Debug|Any CPU.ActiveCfg = Debug|Any CPU
		{B45FF455-C29A-4999-B4BC-05C201FA5635}.Debug|Any CPU.Build.0 = Debug|Any CPU
		{B45FF455-C29A-4999-B4BC-05C201FA5635}.Release|Any CPU.ActiveCfg = Release|Any CPU
		{B45FF455-C29A-4999-B4BC-05C201FA5635}.Release|Any CPU.Build.0 = Release|Any CPU
		{6836CA4C-EDFA-4120-B3CD-40217BFD70D4}.Debug|Any CPU.ActiveCfg = Debug|Any CPU
		{6836CA4C-EDFA-4120-B3CD-40217BFD70D4}.Debug|Any CPU.Build.0 = Debug|Any CPU
		{6836CA4C-EDFA-4120-B3CD-40217BFD70D4}.Release|Any CPU.ActiveCfg = Release|Any CPU
		{6836CA4C-EDFA-4120-B3CD-40217BFD70D4}.Release|Any CPU.Build.0 = Release|Any CPU
		{8D98B656-8F48-4F7B-AE1C-B2E9DEB5D9AE}.Debug|Any CPU.ActiveCfg = Debug|Any CPU
		{8D98B656-8F48-4F7B-AE1C-B2E9DEB5D9AE}.Debug|Any CPU.Build.0 = Debug|Any CPU
		{8D98B656-8F48-4F7B-AE1C-B2E9DEB5D9AE}.Release|Any CPU.ActiveCfg = Release|Any CPU
		{8D98B656-8F48-4F7B-AE1C-B2E9DEB5D9AE}.Release|Any CPU.Build.0 = Release|Any CPU
		{E2B785B2-1AD9-4C4D-A302-E3C04C2E9363}.Debug|Any CPU.ActiveCfg = Debug|Any CPU
		{E2B785B2-1AD9-4C4D-A302-E3C04C2E9363}.Debug|Any CPU.Build.0 = Debug|Any CPU
		{E2B785B2-1AD9-4C4D-A302-E3C04C2E9363}.Release|Any CPU.ActiveCfg = Release|Any CPU
		{E2B785B2-1AD9-4C4D-A302-E3C04C2E9363}.Release|Any CPU.Build.0 = Release|Any CPU
		{D9A46851-549B-4846-B748-11740A40CAEB}.Debug|Any CPU.ActiveCfg = Debug|Any CPU
		{D9A46851-549B-4846-B748-11740A40CAEB}.Debug|Any CPU.Build.0 = Debug|Any CPU
		{D9A46851-549B-4846-B748-11740A40CAEB}.Release|Any CPU.ActiveCfg = Release|Any CPU
		{D9A46851-549B-4846-B748-11740A40CAEB}.Release|Any CPU.Build.0 = Release|Any CPU
		{25E06869-EB1F-42DC-AD77-29C1F0216FE4}.Debug|Any CPU.ActiveCfg = Debug|Any CPU
		{25E06869-EB1F-42DC-AD77-29C1F0216FE4}.Debug|Any CPU.Build.0 = Debug|Any CPU
		{25E06869-EB1F-42DC-AD77-29C1F0216FE4}.Release|Any CPU.ActiveCfg = Release|Any CPU
		{25E06869-EB1F-42DC-AD77-29C1F0216FE4}.Release|Any CPU.Build.0 = Release|Any CPU
		{02A668B3-AEB6-4525-BBB2-74B6BACDAE59}.Debug|Any CPU.ActiveCfg = Debug|Any CPU
		{02A668B3-AEB6-4525-BBB2-74B6BACDAE59}.Debug|Any CPU.Build.0 = Debug|Any CPU
		{02A668B3-AEB6-4525-BBB2-74B6BACDAE59}.Release|Any CPU.ActiveCfg = Release|Any CPU
		{02A668B3-AEB6-4525-BBB2-74B6BACDAE59}.Release|Any CPU.Build.0 = Release|Any CPU
		{B3CDA6C0-B5A1-4957-807A-633EA17BFC9C}.Debug|Any CPU.ActiveCfg = Debug|Any CPU
		{B3CDA6C0-B5A1-4957-807A-633EA17BFC9C}.Debug|Any CPU.Build.0 = Debug|Any CPU
		{B3CDA6C0-B5A1-4957-807A-633EA17BFC9C}.Release|Any CPU.ActiveCfg = Release|Any CPU
		{B3CDA6C0-B5A1-4957-807A-633EA17BFC9C}.Release|Any CPU.Build.0 = Release|Any CPU
		{5B9E796F-387B-4A2F-85BD-9E9ED95EAD51}.Debug|Any CPU.ActiveCfg = Debug|Any CPU
		{5B9E796F-387B-4A2F-85BD-9E9ED95EAD51}.Debug|Any CPU.Build.0 = Debug|Any CPU
		{5B9E796F-387B-4A2F-85BD-9E9ED95EAD51}.Release|Any CPU.ActiveCfg = Release|Any CPU
		{5B9E796F-387B-4A2F-85BD-9E9ED95EAD51}.Release|Any CPU.Build.0 = Release|Any CPU
		{AB7B665F-EFF3-4B4B-80E3-C30C67D0D83E}.Debug|Any CPU.ActiveCfg = Debug|Any CPU
		{AB7B665F-EFF3-4B4B-80E3-C30C67D0D83E}.Debug|Any CPU.Build.0 = Debug|Any CPU
		{AB7B665F-EFF3-4B4B-80E3-C30C67D0D83E}.Release|Any CPU.ActiveCfg = Release|Any CPU
		{AB7B665F-EFF3-4B4B-80E3-C30C67D0D83E}.Release|Any CPU.Build.0 = Release|Any CPU
		{50D43A58-3EF8-41BC-A578-3B5C979CD8F5}.Debug|Any CPU.ActiveCfg = Debug|Any CPU
		{50D43A58-3EF8-41BC-A578-3B5C979CD8F5}.Debug|Any CPU.Build.0 = Debug|Any CPU
		{50D43A58-3EF8-41BC-A578-3B5C979CD8F5}.Release|Any CPU.ActiveCfg = Release|Any CPU
		{50D43A58-3EF8-41BC-A578-3B5C979CD8F5}.Release|Any CPU.Build.0 = Release|Any CPU
	EndGlobalSection
	GlobalSection(SolutionProperties) = preSolution
		HideSolutionNode = FALSE
	EndGlobalSection
	GlobalSection(NestedProjects) = preSolution
		{0E36C3A4-6A38-4861-915F-7E5CDD971F1B} = {9ABA44EA-FBDE-4711-9CF7-ACC389658B65}
		{2A2718A0-CCC0-4ACE-A1C0-EFF8BC2EB186} = {9ABA44EA-FBDE-4711-9CF7-ACC389658B65}
		{CC6F8325-6E3A-48FE-B398-0AE00BC4FA97} = {8588C82A-62F0-42BC-A620-86778B41BD29}
		{EF509554-062A-4CB4-B861-9CBAC0734341} = {9ABA44EA-FBDE-4711-9CF7-ACC389658B65}
		{C692981B-C772-460E-87B4-3A4FF3107C9D} = {5CA3E2FF-EEDA-49E0-AD7C-ACDD7BF74E38}
		{944395E6-31AA-4A13-A663-BC7315D8A46F} = {6DF646DA-FB4E-48AB-AF75-5AB8980C528D}
		{83879E93-71ED-418E-A6D2-1E107A14CDC4} = {6DF646DA-FB4E-48AB-AF75-5AB8980C528D}
		{667805D0-43BE-450F-B867-D0022C2B4C79} = {9ABA44EA-FBDE-4711-9CF7-ACC389658B65}
		{56ACC5D0-5F01-4361-A499-4B05017FE62C} = {6DF646DA-FB4E-48AB-AF75-5AB8980C528D}
		{9C61C13A-7B48-47BD-A338-82D139AB6718} = {6DF646DA-FB4E-48AB-AF75-5AB8980C528D}
		{1A34F17F-35FF-44D3-B978-8CA7AFDF9B21} = {6DF646DA-FB4E-48AB-AF75-5AB8980C528D}
		{0FA5A667-5F31-4288-B6FC-9D0ECB73AEC5} = {6DF646DA-FB4E-48AB-AF75-5AB8980C528D}
		{B45FF455-C29A-4999-B4BC-05C201FA5635} = {9ABA44EA-FBDE-4711-9CF7-ACC389658B65}
		{6836CA4C-EDFA-4120-B3CD-40217BFD70D4} = {9ABA44EA-FBDE-4711-9CF7-ACC389658B65}
		{8D98B656-8F48-4F7B-AE1C-B2E9DEB5D9AE} = {6DF646DA-FB4E-48AB-AF75-5AB8980C528D}
		{E2B785B2-1AD9-4C4D-A302-E3C04C2E9363} = {9ABA44EA-FBDE-4711-9CF7-ACC389658B65}
		{D9A46851-549B-4846-B748-11740A40CAEB} = {9ABA44EA-FBDE-4711-9CF7-ACC389658B65}
		{B3CDA6C0-B5A1-4957-807A-633EA17BFC9C} = {9ABA44EA-FBDE-4711-9CF7-ACC389658B65}
		{AB7B665F-EFF3-4B4B-80E3-C30C67D0D83E} = {9ABA44EA-FBDE-4711-9CF7-ACC389658B65}
		{50D43A58-3EF8-41BC-A578-3B5C979CD8F5} = {9ABA44EA-FBDE-4711-9CF7-ACC389658B65}
	EndGlobalSection
	GlobalSection(ExtensibilityGlobals) = postSolution
		EnterpriseLibraryConfigurationToolBinariesPath = packages\Unity.2.1.505.0\lib\NET35;packages\Unity.Interception.2.1.505.0\lib\NET35;packages\EnterpriseLibrary.Common.5.0.505.0\lib\NET35;packages\EnterpriseLibrary.Caching.5.0.505.0\lib\NET35
	EndGlobalSection
EndGlobal
